github.com/alecthomas/participle v0.3.0 h1:e8vhrYR1nDjzDxyDwpLO27TWOYWilaT+glkwbPadj50=
github.com/alecthomas/participle v0.3.0/go.mod h1:SW6HZGeZgSIpcUWX3fXpfZhuaWHnmoD5KCVaqSaNTkk=
github.com/dave/jennifer v0.19.0/go.mod h1:fIb+770HOpJ2fmN9EPPKOqm1vMGhB+TwXKMZhrIygKg=
github.com/dave/jennifer v1.3.0 h1:p3tl41zjjCZTNBytMwrUuiAnherNUZktlhPTKoF/sEk=
github.com/dave/jennifer v1.3.0/go.mod h1:fIb+770HOpJ2fmN9EPPKOqm1vMGhB+TwXKMZhrIygKg=
github.com/davecgh/go-spew v1.1.1 h1:vj9j/u1bqnvCEfJOwUhtlOARqs3+rkHYY13jYWTU97c=
github.com/davecgh/go-spew v1.1.1/go.mod h1:J7Y8YcW2NihsgmVo/mv3lAwl/skON4iLHjSsI+c5H38=
github.com/go-errors/errors v1.0.1 h1:LUHzmkK3GUKUrL/1gfBUxAHzcev3apQlezX/+O7ma6w=
github.com/go-errors/errors v1.0.1/go.mod h1:f4zRHt4oKfwPJE5k8C9vpYG+aDHdBFUsgrm6/TyX73Q=
github.com/go-services/annotation v0.1.1 h1:JTvFQUnGOAKiOc8QtgsoGxoUVAyzYJaIRfWqR7jGTdU=
github.com/go-services/annotation v0.1.1/go.mod h1:JeHvPcEXpJom1tMFZpY6RiiJ0VEUzLQztERphm956rM=
github.com/go-services/code v0.1.5 h1:+ZoJ1Teh2jQJGOdwgjsAOgwD17/5qD71BXbA3gwY6xs=
github.com/go-services/code v0.1.5/go.mod h1:fUERVBZCZwxv6RZin15z8TiNJ3x/Fj3LXdgx5emqSCo=
github.com/pkg/errors v0.8.0/go.mod h1:bwawxfHBFNV+L2hUp1rHADufV3IMtnDRdf1r5NINEl0=
github.com/pkg/errors v0.8.1 h1:iURUrRGxPUNPdy5/HRSm+Yj6okJ6UtLINN0Q9M4+h3I=
github.com/pkg/errors v0.8.1/go.mod h1:bwawxfHBFNV+L2hUp1rHADufV3IMtnDRdf1r5NINEl0=
github.com/pmezard/go-difflib v1.0.0 h1:4DBwDE0NGyQoBHbLQYPwSUPoCMWR5BEzIk/f1lZbAQM=
github.com/pmezard/go-difflib v1.0.0/go.mod h1:iKH77koFhYxTK1pcRnkKkqfTogsbg7gZNVY4sRDYZ/4=
github.com/stretchr/testify v1.2.2 h1:bSDNvY7ZPG5RlJ8otE/7V6gMiyenm9RtJ7IUVIAoJ1w=
github.com/stretchr/testify v1.2.2/go.mod h1:a8OnRcib4nhh0OaRAV+Yts87kKdq0PP7pXfy6kDkUVs=
