# This file is autogenerated, do not edit; changes may be undone by the next 'dep ensure'.


[[projects]]
  name = "github.com/alecthomas/participle"
  packages = [".","lexer"]
  revision = "b9f46f081a3528d5f014eff480ff5263a97ff78f"

[[projects]]
  name = "github.com/dave/jennifer"
  packages = ["jen"]
  revision = "0264ec47f284c27fe4f52072dc0f4da5a5771c04"
  version = "v0.19.0"

[[projects]]
  name = "github.com/go-errors/errors"
  packages = ["."]
  revision = "a6af135bd4e28680facf08a3d206b454abc877a4"
  version = "v1.0.1"

[[projects]]
  name = "github.com/go-services/annotation"
  packages = ["."]
  revision = "b05fde1386b786566253b8d1d640973e0cf27307"
  version = "v0.1.1"

[[projects]]
  name = "github.com/go-services/code"
  packages = ["."]
  revision = "8d60edc9c132949cedfd5c1ee2b51e38a2b395d2"
  version = "v0.1.2"

[[projects]]
  name = "github.com/pkg/errors"
  packages = ["."]
  revision = "645ef00459ed84a119197bfb8d8205042c6df63d"
  version = "v0.8.0"

[[projects]]
  branch = "master"
  name = "golang.org/x/exp"
  packages = ["ebnf"]
  revision = "f9fa0fefb1e1a5b6b06f9af99b9555e6263edcf9"

[solve-meta]
  analyzer-name = "dep"
  analyzer-version = 1
  inputs-digest = "061a07c3ef79656c96a25b4ae57db15b6fd56f4c21194d1e1f97faa36e0691fc"
  solver-name = "gps-cdcl"
  solver-version = 1
